
Microsoft Visual Studio Solution File, Format Version 12.00
Project("{FAE04EC0-301F-11D3-BF4B-00C04F79EFBC}") = "MyRecipeBook", "MyRecipeBook\MyRecipeBook.csproj", "{464F40F3-74F0-45A4-BC67-34B8A98D13B5}"
EndProject
Project("{2150E333-8FDC-42A3-9474-1A3956D46DE8}") = "src", "src", "{1698F17A-5755-4139-B079-BF20821A31B2}"
EndProject
Project("{2150E333-8FDC-42A3-9474-1A3956D46DE8}") = "Backend", "Backend", "{33B1E02D-8426-4BA3-A059-0B0259813860}"
EndProject
Project("{2150E333-8FDC-42A3-9474-1A3956D46DE8}") = "tests", "tests", "{4E8C4D06-3957-43CF-AD48-6AF5B81CB9F1}"
EndProject
Project("{2150E333-8FDC-42A3-9474-1A3956D46DE8}") = "Shared", "Shared", "{9D242199-A4F8-41A8-B182-A2F1B7542C19}"
EndProject
Project("{FAE04EC0-301F-11D3-BF4B-00C04F79EFBC}") = "MyRecipeBook.API", "src\Backend\MyRecipeBook.API\MyRecipeBook.API.csproj", "{25561C7F-F821-417B-A230-86731D7A77C3}"
EndProject
Project("{FAE04EC0-301F-11D3-BF4B-00C04F79EFBC}") = "MyRecipeBook.Application", "src\Backend\MyRecipeBook.Application\MyRecipeBook.Application.csproj", "{D9966904-37D1-40C5-A5C5-CEED6D710196}"
EndProject
Project("{FAE04EC0-301F-11D3-BF4B-00C04F79EFBC}") = "MyRecipeBook.Domain", "src\Backend\MyRecipeBook.Domain\MyRecipeBook.Domain.csproj", "{0E1FF19B-7BF9-41CF-B470-1766B03A3BF7}"
EndProject
Project("{FAE04EC0-301F-11D3-BF4B-00C04F79EFBC}") = "MyRecipeBook.Infrastructure", "src\Backend\MyRecipeBook.Infrastructure\MyRecipeBook.Infrastructure.csproj", "{03812C41-93D7-474C-B694-DA22DC79267A}"
EndProject
Project("{FAE04EC0-301F-11D3-BF4B-00C04F79EFBC}") = "MyRecepiBook.Communication", "src\Shared\MyRecepiBook.Communication\MyRecepiBook.Communication.csproj", "{504EC8BE-351C-41E3-9334-A9AC34F8E8CD}"
EndProject
Project("{FAE04EC0-301F-11D3-BF4B-00C04F79EFBC}") = "MyRecepiBook.Exceptions", "src\Shared\MyRecepiBook.Exceptions\MyRecepiBook.Exceptions.csproj", "{B6FB77EF-510B-4681-AF35-372931AE4D1C}"
EndProject
Global
	GlobalSection(SolutionConfigurationPlatforms) = preSolution
		Debug|Any CPU = Debug|Any CPU
		Release|Any CPU = Release|Any CPU
	EndGlobalSection
	GlobalSection(ProjectConfigurationPlatforms) = postSolution
		{464F40F3-74F0-45A4-BC67-34B8A98D13B5}.Debug|Any CPU.ActiveCfg = Debug|Any CPU
		{464F40F3-74F0-45A4-BC67-34B8A98D13B5}.Debug|Any CPU.Build.0 = Debug|Any CPU
		{464F40F3-74F0-45A4-BC67-34B8A98D13B5}.Release|Any CPU.ActiveCfg = Release|Any CPU
		{464F40F3-74F0-45A4-BC67-34B8A98D13B5}.Release|Any CPU.Build.0 = Release|Any CPU
		{25561C7F-F821-417B-A230-86731D7A77C3}.Debug|Any CPU.ActiveCfg = Debug|Any CPU
		{25561C7F-F821-417B-A230-86731D7A77C3}.Debug|Any CPU.Build.0 = Debug|Any CPU
		{25561C7F-F821-417B-A230-86731D7A77C3}.Release|Any CPU.ActiveCfg = Release|Any CPU
		{25561C7F-F821-417B-A230-86731D7A77C3}.Release|Any CPU.Build.0 = Release|Any CPU
		{D9966904-37D1-40C5-A5C5-CEED6D710196}.Debug|Any CPU.ActiveCfg = Debug|Any CPU
		{D9966904-37D1-40C5-A5C5-CEED6D710196}.Debug|Any CPU.Build.0 = Debug|Any CPU
		{D9966904-37D1-40C5-A5C5-CEED6D710196}.Release|Any CPU.ActiveCfg = Release|Any CPU
		{D9966904-37D1-40C5-A5C5-CEED6D710196}.Release|Any CPU.Build.0 = Release|Any CPU
		{0E1FF19B-7BF9-41CF-B470-1766B03A3BF7}.Debug|Any CPU.ActiveCfg = Debug|Any CPU
		{0E1FF19B-7BF9-41CF-B470-1766B03A3BF7}.Debug|Any CPU.Build.0 = Debug|Any CPU
		{0E1FF19B-7BF9-41CF-B470-1766B03A3BF7}.Release|Any CPU.ActiveCfg = Release|Any CPU
		{0E1FF19B-7BF9-41CF-B470-1766B03A3BF7}.Release|Any CPU.Build.0 = Release|Any CPU
		{03812C41-93D7-474C-B694-DA22DC79267A}.Debug|Any CPU.ActiveCfg = Debug|Any CPU
		{03812C41-93D7-474C-B694-DA22DC79267A}.Debug|Any CPU.Build.0 = Debug|Any CPU
		{03812C41-93D7-474C-B694-DA22DC79267A}.Release|Any CPU.ActiveCfg = Release|Any CPU
		{03812C41-93D7-474C-B694-DA22DC79267A}.Release|Any CPU.Build.0 = Release|Any CPU
		{504EC8BE-351C-41E3-9334-A9AC34F8E8CD}.Debug|Any CPU.ActiveCfg = Debug|Any CPU
		{504EC8BE-351C-41E3-9334-A9AC34F8E8CD}.Debug|Any CPU.Build.0 = Debug|Any CPU
		{504EC8BE-351C-41E3-9334-A9AC34F8E8CD}.Release|Any CPU.ActiveCfg = Release|Any CPU
		{504EC8BE-351C-41E3-9334-A9AC34F8E8CD}.Release|Any CPU.Build.0 = Release|Any CPU
		{B6FB77EF-510B-4681-AF35-372931AE4D1C}.Debug|Any CPU.ActiveCfg = Debug|Any CPU
		{B6FB77EF-510B-4681-AF35-372931AE4D1C}.Debug|Any CPU.Build.0 = Debug|Any CPU
		{B6FB77EF-510B-4681-AF35-372931AE4D1C}.Release|Any CPU.ActiveCfg = Release|Any CPU
		{B6FB77EF-510B-4681-AF35-372931AE4D1C}.Release|Any CPU.Build.0 = Release|Any CPU
	EndGlobalSection
	GlobalSection(NestedProjects) = preSolution
		{33B1E02D-8426-4BA3-A059-0B0259813860} = {1698F17A-5755-4139-B079-BF20821A31B2}
		{9D242199-A4F8-41A8-B182-A2F1B7542C19} = {1698F17A-5755-4139-B079-BF20821A31B2}
		{25561C7F-F821-417B-A230-86731D7A77C3} = {33B1E02D-8426-4BA3-A059-0B0259813860}
		{D9966904-37D1-40C5-A5C5-CEED6D710196} = {33B1E02D-8426-4BA3-A059-0B0259813860}
		{0E1FF19B-7BF9-41CF-B470-1766B03A3BF7} = {33B1E02D-8426-4BA3-A059-0B0259813860}
		{03812C41-93D7-474C-B694-DA22DC79267A} = {33B1E02D-8426-4BA3-A059-0B0259813860}
		{504EC8BE-351C-41E3-9334-A9AC34F8E8CD} = {9D242199-A4F8-41A8-B182-A2F1B7542C19}
		{B6FB77EF-510B-4681-AF35-372931AE4D1C} = {9D242199-A4F8-41A8-B182-A2F1B7542C19}
	EndGlobalSection
EndGlobal
